
Microsoft Visual Studio Solution File, Format Version 12.00
# Visual Studio Version 17
VisualStudioVersion = 17.14.36301.6 d17.14
MinimumVisualStudioVersion = 10.0.40219.1
Project("{FAE04EC0-301F-11D3-BF4B-00C04F79EFBC}") = "Mercatum", "Mercatum.csproj", "{8F8773C6-D46A-4053-AECF-C8C58BFC8214}"
EndProject
Global
	GlobalSection(SolutionConfigurationPlatforms) = preSolution
		Debug|Any CPU = Debug|Any CPU
		Release|Any CPU = Release|Any CPU
	EndGlobalSection
	GlobalSection(ProjectConfigurationPlatforms) = postSolution
		{8F8773C6-D46A-4053-AECF-C8C58BFC8214}.Debug|Any CPU.ActiveCfg = Debug|Any CPU
		{8F8773C6-D46A-4053-AECF-C8C58BFC8214}.Debug|Any CPU.Build.0 = Debug|Any CPU
		{8F8773C6-D46A-4053-AECF-C8C58BFC8214}.Release|Any CPU.ActiveCfg = Release|Any CPU
		{8F8773C6-D46A-4053-AECF-C8C58BFC8214}.Release|Any CPU.Build.0 = Release|Any CPU
	EndGlobalSection
	GlobalSection(SolutionProperties) = preSolution
		HideSolutionNode = FALSE
	EndGlobalSection
	GlobalSection(ExtensibilityGlobals) = postSolution
		SolutionGuid = {0CE83310-CA9F-45EE-B64D-170C6A3C2DCE}
	EndGlobalSection
EndGlobal
